<?xml version="1.0" encoding="utf-8"?>
<Project ToolsVersion="4.0" xmlns="http://schemas.microsoft.com/developer/msbuild/2003">
  <ItemGroup>
    <ClCompile Include="Camera.cpp">
      <Filter>Source Files</Filter>
    </ClCompile>
    <ClCompile Include="HighResolutionTimer.cpp">
      <Filter>Source Files</Filter>
    </ClCompile>
    <ClCompile Include="VertexBufferObject.cpp">
      <Filter>Source Files</Filter>
    </ClCompile>
    <ClCompile Include="FreeTypeFont.cpp">
      <Filter>Source Files</Filter>
    </ClCompile>
    <ClCompile Include="Game.cpp">
      <Filter>Source Files</Filter>
    </ClCompile>
    <ClCompile Include="GameWindow.cpp">
      <Filter>Source Files</Filter>
    </ClCompile>
    <ClCompile Include="Shaders.cpp">
      <Filter>Source Files</Filter>
    </ClCompile>
    <ClCompile Include="Skybox.cpp">
      <Filter>Source Files</Filter>
    </ClCompile>
    <ClCompile Include="Texture.cpp">
      <Filter>Source Files</Filter>
    </ClCompile>
    <ClCompile Include="Sphere.cpp">
      <Filter>Source Files\BasicShapes</Filter>
    </ClCompile>
    <ClCompile Include="Plane.cpp">
      <Filter>Source Files\BasicShapes</Filter>
    </ClCompile>
    <ClCompile Include="MatrixStack.cpp">
      <Filter>Source Files</Filter>
    </ClCompile>
    <ClCompile Include="VertexBufferObjectIndexed.cpp">
      <Filter>Source Files</Filter>
    </ClCompile>
    <ClCompile Include="OpenAssetImportMesh.cpp">
      <Filter>Source Files</Filter>
    </ClCompile>
    <ClCompile Include="Audio.cpp">
      <Filter>Source Files</Filter>
    </ClCompile>
    <ClCompile Include="Cubemap.cpp">
      <Filter>Source Files</Filter>
    </ClCompile>
  </ItemGroup>
  <ItemGroup>
    <ClInclude Include="Camera.h">
      <Filter>Header Files</Filter>
    </ClInclude>
    <ClInclude Include="Common.h">
      <Filter>Header Files</Filter>
    </ClInclude>
    <ClInclude Include="HighResolutionTimer.h">
      <Filter>Header Files</Filter>
    </ClInclude>
    <ClInclude Include="VertexBufferObject.h">
      <Filter>Header Files</Filter>
    </ClInclude>
    <ClInclude Include="FreeTypeFont.h">
      <Filter>Header Files</Filter>
    </ClInclude>
    <ClInclude Include="Game.h">
      <Filter>Header Files</Filter>
    </ClInclude>
    <ClInclude Include="GameWindow.h">
      <Filter>Header Files</Filter>
    </ClInclude>
    <ClInclude Include="Shaders.h">
      <Filter>Header Files</Filter>
    </ClInclude>
    <ClInclude Include="Skybox.h">
      <Filter>Header Files</Filter>
    </ClInclude>
    <ClInclude Include="Texture.h">
      <Filter>Header Files</Filter>
    </ClInclude>
    <ClInclude Include="Sphere.h">
      <Filter>Header Files\BasicShapes</Filter>
    </ClInclude>
    <ClInclude Include="Plane.h">
      <Filter>Header Files\BasicShapes</Filter>
    </ClInclude>
    <ClInclude Include="MatrixStack.h">
      <Filter>Header Files</Filter>
    </ClInclude>
    <ClInclude Include="VertexBufferObjectIndexed.h">
      <Filter>Header Files</Filter>
    </ClInclude>
    <ClInclude Include="OpenAssetImportMesh.h">
      <Filter>Header Files</Filter>
    </ClInclude>
    <ClInclude Include="Audio.h">
      <Filter>Header Files</Filter>
    </ClInclude>
    <ClInclude Include="Cubemap.h">
      <Filter>Header Files</Filter>
    </ClInclude>
    <ClInclude Include="CircularBuffer.h">
      <Filter>Header Files</Filter>
    </ClInclude>
  </ItemGroup>
  <ItemGroup>
    <Filter Include="Source Files">
      <UniqueIdentifier>{fc935320-dd60-442c-8f7a-857898ef99ac}</UniqueIdentifier>
    </Filter>
    <Filter Include="Header Files">
      <UniqueIdentifier>{8eaa2596-7ef2-40ab-a17a-c4c37dc4da44}</UniqueIdentifier>
    </Filter>
    <Filter Include="Header Files\BasicShapes">
      <UniqueIdentifier>{fd5ccfe4-630c-4b5e-9660-f5c501136c5e}</UniqueIdentifier>
    </Filter>
    <Filter Include="Source Files\BasicShapes">
      <UniqueIdentifier>{d695a48e-37b2-4a09-942e-9577f33f78c0}</UniqueIdentifier>
    </Filter>
    <Filter Include="Shaders">
      <UniqueIdentifier>{b86e40c6-bee0-47d9-9a51-7bef2ea67f73}</UniqueIdentifier>
    </Filter>
  </ItemGroup>
  <ItemGroup>
    <None Include="resources\shaders\mainShader.vert">
      <Filter>Shaders</Filter>
    </None>
    <None Include="resources\shaders\textShader.frag">
      <Filter>Shaders</Filter>
    </None>
    <None Include="resources\shaders\textShader.vert">
      <Filter>Shaders</Filter>
    </None>
    <None Include="resources\shaders\mainShader.frag">
      <Filter>Shaders</Filter>
    </None>
  </ItemGroup>
</Project>